
Microsoft Visual Studio Solution File, Format Version 12.00
# Visual Studio Version 17
VisualStudioVersion = 17.7.34024.191
MinimumVisualStudioVersion = 10.0.40219.1
Project("{9A19103F-16F7-4668-BE54-9A1E7A4F7556}") = "PostgreSQL.Migrations.Pool", "PostgreSQL.Migrations.Pool\PostgreSQL.Migrations.Pool.csproj", "{E3110E47-1C37-424C-9B25-7BF7E7EE79F8}"
EndProject
Project("{FAE04EC0-301F-11D3-BF4B-00C04F79EFBC}") = "PostgreSQL.Migrations.Pool.Data", "PostgreSQL.Migrations.Pool.Data\PostgreSQL.Migrations.Pool.Data.csproj", "{3717865A-31B0-4854-B761-1334245202A5}"
EndProject
Global
	GlobalSection(SolutionConfigurationPlatforms) = preSolution
		Debug|Any CPU = Debug|Any CPU
		Release|Any CPU = Release|Any CPU
	EndGlobalSection
	GlobalSection(ProjectConfigurationPlatforms) = postSolution
		{E3110E47-1C37-424C-9B25-7BF7E7EE79F8}.Debug|Any CPU.ActiveCfg = Debug|Any CPU
		{E3110E47-1C37-424C-9B25-7BF7E7EE79F8}.Debug|Any CPU.Build.0 = Debug|Any CPU
		{E3110E47-1C37-424C-9B25-7BF7E7EE79F8}.Release|Any CPU.ActiveCfg = Release|Any CPU
		{E3110E47-1C37-424C-9B25-7BF7E7EE79F8}.Release|Any CPU.Build.0 = Release|Any CPU
		{3717865A-31B0-4854-B761-1334245202A5}.Debug|Any CPU.ActiveCfg = Debug|Any CPU
		{3717865A-31B0-4854-B761-1334245202A5}.Debug|Any CPU.Build.0 = Debug|Any CPU
		{3717865A-31B0-4854-B761-1334245202A5}.Release|Any CPU.ActiveCfg = Release|Any CPU
		{3717865A-31B0-4854-B761-1334245202A5}.Release|Any CPU.Build.0 = Release|Any CPU
	EndGlobalSection
	GlobalSection(SolutionProperties) = preSolution
		HideSolutionNode = FALSE
	EndGlobalSection
	GlobalSection(ExtensibilityGlobals) = postSolution
		SolutionGuid = {D2605952-C6AF-4030-A84A-76E0024D7AD3}
	EndGlobalSection
EndGlobal
